dependencies:
  espressif/cmake_utilities:
    component_hash: 351350613ceafba240b761b4ea991e0f231ac7a9f59a9ee901f751bddc0bb18f
    dependencies:
    - name: idf
      require: private
      version: '>=4.1'
    source:
      registry_url: https://components.espressif.com
      type: service
    version: 0.5.3
  espressif/esp_tinyusb:
    component_hash: 0fab24246e07bdf919c6489d17a590cffbffbbf6a9c44d6235641645c8b946b7
    dependencies:
    - name: idf
      require: private
      version: '>=5.0'
    - name: espressif/tinyusb
      registry_url: https://components.espressif.com
      require: public
      version: '>=0.17.0~2'
    source:
      registry_url: https://components.espressif.com/
      type: service
    targets:
    - esp32s2
    - esp32s3
    - esp32p4
    - esp32h4
    - esp32s31
    version: 2.3.0
  espressif/tinyusb:
    component_hash: 16c8d774dab1f484d3e0c0f61105624d2424bbae864efd19818baf7b451b41e7
    dependencies:
    - name: idf
      require: private
      version: '>=5.0'
    source:
      registry_url: https://components.espressif.com
      type: service
    targets:
    - esp32s2
    - esp32s3
    - esp32p4
    - esp32h4
    - esp32s31
    version: 0.21.0~2
  espressif/usb:
    component_hash: 6c2cff118141dbbca181d0d27d71801fdddfc78f7ac03ae43f6e5a8cbd89cb99
    dependencies:
    - name: idf
      require: private
      version: '>=5.5.3'
    source:
      registry_url: https://components.espressif.com
      type: service
    targets:
    - esp32s2
    - esp32s3
    - esp32s31
    - esp32p4
    - esp32h4
    - linux
    version: 1.5.0
  espressif/usb_host_uac:
    component_hash: 02f7e669b4dae033347e4523acaed4b8c402290a887878d396811c4bee47cc46
    dependencies:
    - name: espressif/cmake_utilities
      registry_url: https://components.espressif.com
      require: private
      version: 0.5.*
    - name: idf
      require: private
      version: '>=5.0'
    - name: espressif/usb
      registry_url: https://components.espressif.com
      require: public
      rules:
      - if: idf_version >=6.0
      - if: target not in ["linux"]
      version: ^1.0.0
    source:
      registry_url: https://components.espressif.com/
      type: service
    targets:
    - esp32s2
    - esp32s3
    - esp32s31
    - esp32p4
    - esp32h4
    - linux
    version: 1.5.0
  idf:
    source:
      type: idf
    version: 6.1.0
direct_dependencies:
- espressif/esp_tinyusb
- espressif/usb_host_uac
manifest_hash: d5a6b0a13cb4042f7f0334ebafb231978486dd535574b3f51803d160794d4705
target: esp32s31
version: 3.0.0
